
Microsoft Visual Studio Solution File, Format Version 12.00
# Visual Studio Version 17
VisualStudioVersion = 17.11.35312.102
MinimumVisualStudioVersion = 10.0.40219.1
Project("{FAE04EC0-301F-11D3-BF4B-00C04F79EFBC}") = "CASHMasters_POS", "CASHMasters_POS\CASHMasters_POS.csproj", "{F335DBA3-CF81-4DBD-9704-5285EA004D09}"
EndProject
Project("{FAE04EC0-301F-11D3-BF4B-00C04F79EFBC}") = "CASHMasters_POS_TEST", "CASHMasters_POS_TEST\CASHMasters_POS_TEST.csproj", "{4EDF7C86-50EE-4D10-AD38-D0610A56050E}"
EndProject
Global
	GlobalSection(SolutionConfigurationPlatforms) = preSolution
		Debug|Any CPU = Debug|Any CPU
		Release|Any CPU = Release|Any CPU
	EndGlobalSection
	GlobalSection(ProjectConfigurationPlatforms) = postSolution
		{F335DBA3-CF81-4DBD-9704-5285EA004D09}.Debug|Any CPU.ActiveCfg = Debug|Any CPU
		{F335DBA3-CF81-4DBD-9704-5285EA004D09}.Debug|Any CPU.Build.0 = Debug|Any CPU
		{F335DBA3-CF81-4DBD-9704-5285EA004D09}.Release|Any CPU.ActiveCfg = Release|Any CPU
		{F335DBA3-CF81-4DBD-9704-5285EA004D09}.Release|Any CPU.Build.0 = Release|Any CPU
		{4EDF7C86-50EE-4D10-AD38-D0610A56050E}.Debug|Any CPU.ActiveCfg = Debug|Any CPU
		{4EDF7C86-50EE-4D10-AD38-D0610A56050E}.Debug|Any CPU.Build.0 = Debug|Any CPU
		{4EDF7C86-50EE-4D10-AD38-D0610A56050E}.Release|Any CPU.ActiveCfg = Release|Any CPU
		{4EDF7C86-50EE-4D10-AD38-D0610A56050E}.Release|Any CPU.Build.0 = Release|Any CPU
	EndGlobalSection
	GlobalSection(SolutionProperties) = preSolution
		HideSolutionNode = FALSE
	EndGlobalSection
	GlobalSection(ExtensibilityGlobals) = postSolution
		SolutionGuid = {A2C79236-8969-4180-95D8-21445D3890D9}
	EndGlobalSection
EndGlobal
